
Microsoft Visual Studio Solution File, Format Version 12.00
# Visual Studio Version 17
VisualStudioVersion = 17.8.34322.80
MinimumVisualStudioVersion = 10.0.40219.1
Project("{9A19103F-16F7-4668-BE54-9A1E7A4F7556}") = "backend.Tests", "backend.Tests.csproj", "{C2225EF2-A694-4124-914E-B5A9F2B71279}"
EndProject
Global
	GlobalSection(SolutionConfigurationPlatforms) = preSolution
		Debug|Any CPU = Debug|Any CPU
		Release|Any CPU = Release|Any CPU
	EndGlobalSection
	GlobalSection(ProjectConfigurationPlatforms) = postSolution
		{C2225EF2-A694-4124-914E-B5A9F2B71279}.Debug|Any CPU.ActiveCfg = Debug|Any CPU
		{C2225EF2-A694-4124-914E-B5A9F2B71279}.Debug|Any CPU.Build.0 = Debug|Any CPU
		{C2225EF2-A694-4124-914E-B5A9F2B71279}.Release|Any CPU.ActiveCfg = Release|Any CPU
		{C2225EF2-A694-4124-914E-B5A9F2B71279}.Release|Any CPU.Build.0 = Release|Any CPU
	EndGlobalSection
	GlobalSection(SolutionProperties) = preSolution
		HideSolutionNode = FALSE
	EndGlobalSection
	GlobalSection(ExtensibilityGlobals) = postSolution
		SolutionGuid = {692E7415-1ABB-407D-80E2-8100954DA445}
	EndGlobalSection
EndGlobal
